// !$*UTF8*$!
{
	archiveVersion = 1;
	classes = {
	};
	objectVersion = 77;
	objects = {

/* Begin PBXBuildFile section */
		B6167C9B2CC94A8300451BAB /* WidgetKit.framework in Frameworks */ = {isa = PBXBuildFile; fileRef = B6167C9A2CC94A8300451BAB /* WidgetKit.framework */; };
		B6167C9D2CC94A8300451BAB /* SwiftUI.framework in Frameworks */ = {isa = PBXBuildFile; fileRef = B6167C9C2CC94A8300451BAB /* SwiftUI.framework */; };
		B6167CAA2CC94A8500451BAB /* BGWidgetExtentionExtension.appex in Embed Foundation Extensions */ = {isa = PBXBuildFile; fileRef = B6167C992CC94A8300451BAB /* BGWidgetExtentionExtension.appex */; settings = {ATTRIBUTES = (RemoveHeadersOnCopy, ); }; };
		B64864222CC24071007D7228 /* FirebaseAnalytics in Frameworks */ = {isa = PBXBuildFile; productRef = B64864212CC24071007D7228 /* FirebaseAnalytics */; };
		B64864242CC24071007D7228 /* FirebaseAuth in Frameworks */ = {isa = PBXBuildFile; productRef = B64864232CC24071007D7228 /* FirebaseAuth */; };
		B64864262CC24071007D7228 /* FirebaseCore in Frameworks */ = {isa = PBXBuildFile; productRef = B64864252CC24071007D7228 /* FirebaseCore */; };
		B64864282CC24071007D7228 /* FirebaseDatabase in Frameworks */ = {isa = PBXBuildFile; productRef = B64864272CC24071007D7228 /* FirebaseDatabase */; };
		B648642A2CC24071007D7228 /* FirebaseFirestore in Frameworks */ = {isa = PBXBuildFile; productRef = B64864292CC24071007D7228 /* FirebaseFirestore */; };
		B648642C2CC24071007D7228 /* FirebaseStorage in Frameworks */ = {isa = PBXBuildFile; productRef = B648642B2CC24071007D7228 /* FirebaseStorage */; };
		B64864372CC24568007D7228 /* GoogleSignIn in Frameworks */ = {isa = PBXBuildFile; productRef = B64864362CC24568007D7228 /* GoogleSignIn */; };
		B64864392CC24568007D7228 /* GoogleSignInSwift in Frameworks */ = {isa = PBXBuildFile; productRef = B64864382CC24568007D7228 /* GoogleSignInSwift */; };
		B64864A32CC28B88007D7228 /* .gitignore in Resources */ = {isa = PBXBuildFile; fileRef = B64864A22CC28B84007D7228 /* .gitignore */; };
		B6ADCE8F2CC3259D001AFC57 /* FirebaseMessaging in Frameworks */ = {isa = PBXBuildFile; productRef = B6ADCE8E2CC3259D001AFC57 /* FirebaseMessaging */; };
		B6ADCE982CC33108001AFC57 /* GoogleMobileAds in Frameworks */ = {isa = PBXBuildFile; productRef = B6ADCE972CC33108001AFC57 /* GoogleMobileAds */; };
		B6ADCEAA2CC67F86001AFC57 /* Alamofire in Frameworks */ = {isa = PBXBuildFile; productRef = B6ADCEA92CC67F86001AFC57 /* Alamofire */; };
		B6BA77E32CD411F200E58BFD /* FirebaseCrashlytics in Frameworks */ = {isa = PBXBuildFile; productRef = B6BA77E22CD411F200E58BFD /* FirebaseCrashlytics */; };
/* End PBXBuildFile section */

/* Begin PBXContainerItemProxy section */
		B6167CA82CC94A8500451BAB /* PBXContainerItemProxy */ = {
			isa = PBXContainerItemProxy;
			containerPortal = B664D4632CC1007B0092FE3E /* Project object */;
			proxyType = 1;
			remoteGlobalIDString = B6167C982CC94A8300451BAB;
			remoteInfo = BGWidgetExtentionExtension;
		};
/* End PBXContainerItemProxy section */

/* Begin PBXCopyFilesBuildPhase section */
		B6167CAF2CC94A8500451BAB /* Embed Foundation Extensions */ = {
			isa = PBXCopyFilesBuildPhase;
			buildActionMask = 2147483647;
			dstPath = "";
			dstSubfolderSpec = 13;
			files = (
				B6167CAA2CC94A8500451BAB /* BGWidgetExtentionExtension.appex in Embed Foundation Extensions */,
			);
			name = "Embed Foundation Extensions";
			runOnlyForDeploymentPostprocessing = 0;
		};
		B64864522CC2845C007D7228 /* Embed Watch Content */ = {
			isa = PBXCopyFilesBuildPhase;
			buildActionMask = 2147483647;
			dstPath = "$(CONTENTS_FOLDER_PATH)/Watch";
			dstSubfolderSpec = 16;
			files = (
			);
			name = "Embed Watch Content";
			runOnlyForDeploymentPostprocessing = 0;
		};
		B6ADCEAE2CC682ED001AFC57 /* Embed Frameworks */ = {
			isa = PBXCopyFilesBuildPhase;
			buildActionMask = 2147483647;
			dstPath = "";
			dstSubfolderSpec = 10;
			files = (
			);
			name = "Embed Frameworks";
			runOnlyForDeploymentPostprocessing = 0;
		};
/* End PBXCopyFilesBuildPhase section */

/* Begin PBXFileReference section */
		B6167C992CC94A8300451BAB /* BGWidgetExtentionExtension.appex */ = {isa = PBXFileReference; explicitFileType = "wrapper.app-extension"; includeInIndex = 0; path = BGWidgetExtentionExtension.appex; sourceTree = BUILT_PRODUCTS_DIR; };
		B6167C9A2CC94A8300451BAB /* WidgetKit.framework */ = {isa = PBXFileReference; lastKnownFileType = wrapper.framework; name = WidgetKit.framework; path = System/Library/Frameworks/WidgetKit.framework; sourceTree = SDKROOT; };
		B6167C9C2CC94A8300451BAB /* SwiftUI.framework */ = {isa = PBXFileReference; lastKnownFileType = wrapper.framework; name = SwiftUI.framework; path = System/Library/Frameworks/SwiftUI.framework; sourceTree = SDKROOT; };
		B6167CBB2CC952E100451BAB /* BGWidgetExtentionExtension.entitlements */ = {isa = PBXFileReference; lastKnownFileType = text.plist.entitlements; path = BGWidgetExtentionExtension.entitlements; sourceTree = "<group>"; };
		B64864A22CC28B84007D7228 /* .gitignore */ = {isa = PBXFileReference; lastKnownFileType = text; path = .gitignore; sourceTree = "<group>"; };
		B664D46B2CC1007B0092FE3E /* BauchGlueckiOS.app */ = {isa = PBXFileReference; explicitFileType = wrapper.application; includeInIndex = 0; path = BauchGlueckiOS.app; sourceTree = BUILT_PRODUCTS_DIR; };
/* End PBXFileReference section */

/* Begin PBXFileSystemSynchronizedBuildFileExceptionSet section */
		B6167CAE2CC94A8500451BAB /* Exceptions for "BGWidgetExtention" folder in "BGWidgetExtentionExtension" target */ = {
			isa = PBXFileSystemSynchronizedBuildFileExceptionSet;
			membershipExceptions = (
				Info.plist,
			);
			target = B6167C982CC94A8300451BAB /* BGWidgetExtentionExtension */;
		};
		B6167CB62CC94C9600451BAB /* Exceptions for "BGWidgetExtention" folder in "BauchGlueckiOS" target */ = {
			isa = PBXFileSystemSynchronizedBuildFileExceptionSet;
			membershipExceptions = (
				BGWidgetExtentionLiveActivity.swift,
			);
			target = B664D46A2CC1007B0092FE3E /* BauchGlueckiOS */;
		};
		B61AF14D2CC9ABE3009F9878 /* Exceptions for "BauchGlueckiOS" folder in "BGWidgetExtentionExtension" target */ = {
			isa = PBXFileSystemSynchronizedBuildFileExceptionSet;
			membershipExceptions = (
				Fonts/rodetta_stamp.ttf,
				Fonts/rodetta.ttf,
			);
			target = B6167C982CC94A8300451BAB /* BGWidgetExtentionExtension */;
		};
		B664D4B02CC148220092FE3E /* Exceptions for "BauchGlueckiOS" folder in "BauchGlueckiOS" target */ = {
			isa = PBXFileSystemSynchronizedBuildFileExceptionSet;
			membershipExceptions = (
				Info.plist,
			);
			target = B664D46A2CC1007B0092FE3E /* BauchGlueckiOS */;
		};
/* End PBXFileSystemSynchronizedBuildFileExceptionSet section */

/* Begin PBXFileSystemSynchronizedRootGroup section */
		B6167C9E2CC94A8300451BAB /* BGWidgetExtention */ = {
			isa = PBXFileSystemSynchronizedRootGroup;
			exceptions = (
				B6167CB62CC94C9600451BAB /* Exceptions for "BGWidgetExtention" folder in "BauchGlueckiOS" target */,
				B6167CAE2CC94A8500451BAB /* Exceptions for "BGWidgetExtention" folder in "BGWidgetExtentionExtension" target */,
			);
			path = BGWidgetExtention;
			sourceTree = "<group>";
		};
		B664D46D2CC1007B0092FE3E /* BauchGlueckiOS */ = {
			isa = PBXFileSystemSynchronizedRootGroup;
			exceptions = (
				B664D4B02CC148220092FE3E /* Exceptions for "BauchGlueckiOS" folder in "BauchGlueckiOS" target */,
				B61AF14D2CC9ABE3009F9878 /* Exceptions for "BauchGlueckiOS" folder in "BGWidgetExtentionExtension" target */,
			);
			path = BauchGlueckiOS;
			sourceTree = "<group>";
		};
/* End PBXFileSystemSynchronizedRootGroup section */

/* Begin PBXFrameworksBuildPhase section */
		B6167C962CC94A8300451BAB /* Frameworks */ = {
			isa = PBXFrameworksBuildPhase;
			buildActionMask = 2147483647;
			files = (
				B6167C9D2CC94A8300451BAB /* SwiftUI.framework in Frameworks */,
				B6167C9B2CC94A8300451BAB /* WidgetKit.framework in Frameworks */,
			);
			runOnlyForDeploymentPostprocessing = 0;
		};
		B664D4682CC1007B0092FE3E /* Frameworks */ = {
			isa = PBXFrameworksBuildPhase;
			buildActionMask = 2147483647;
			files = (
				B6ADCE8F2CC3259D001AFC57 /* FirebaseMessaging in Frameworks */,
				B64864222CC24071007D7228 /* FirebaseAnalytics in Frameworks */,
				B6ADCE982CC33108001AFC57 /* GoogleMobileAds in Frameworks */,
				B64864262CC24071007D7228 /* FirebaseCore in Frameworks */,
				B64864282CC24071007D7228 /* FirebaseDatabase in Frameworks */,
				B6ADCEAA2CC67F86001AFC57 /* Alamofire in Frameworks */,
				B64864392CC24568007D7228 /* GoogleSignInSwift in Frameworks */,
				B648642A2CC24071007D7228 /* FirebaseFirestore in Frameworks */,
				B64864242CC24071007D7228 /* FirebaseAuth in Frameworks */,
				B6BA77E32CD411F200E58BFD /* FirebaseCrashlytics in Frameworks */,
				B648642C2CC24071007D7228 /* FirebaseStorage in Frameworks */,
				B64864372CC24568007D7228 /* GoogleSignIn in Frameworks */,
			);
			runOnlyForDeploymentPostprocessing = 0;
		};
/* End PBXFrameworksBuildPhase section */

/* Begin PBXGroup section */
		B664D4622CC1007B0092FE3E = {
			isa = PBXGroup;
			children = (
				B6167CBB2CC952E100451BAB /* BGWidgetExtentionExtension.entitlements */,
				B64864A22CC28B84007D7228 /* .gitignore */,
				B664D46D2CC1007B0092FE3E /* BauchGlueckiOS */,
				B6167C9E2CC94A8300451BAB /* BGWidgetExtention */,
				B6ADCE8D2CC3259D001AFC57 /* Frameworks */,
				B664D46C2CC1007B0092FE3E /* Products */,
			);
			sourceTree = "<group>";
		};
		B664D46C2CC1007B0092FE3E /* Products */ = {
			isa = PBXGroup;
			children = (
				B664D46B2CC1007B0092FE3E /* BauchGlueckiOS.app */,
				B6167C992CC94A8300451BAB /* BGWidgetExtentionExtension.appex */,
			);
			name = Products;
			sourceTree = "<group>";
		};
		B6ADCE8D2CC3259D001AFC57 /* Frameworks */ = {
			isa = PBXGroup;
			children = (
				B6167C9A2CC94A8300451BAB /* WidgetKit.framework */,
				B6167C9C2CC94A8300451BAB /* SwiftUI.framework */,
			);
			name = Frameworks;
			sourceTree = "<group>";
		};
/* End PBXGroup section */

/* Begin PBXNativeTarget section */
		B6167C982CC94A8300451BAB /* BGWidgetExtentionExtension */ = {
			isa = PBXNativeTarget;
			buildConfigurationList = B6167CAB2CC94A8500451BAB /* Build configuration list for PBXNativeTarget "BGWidgetExtentionExtension" */;
			buildPhases = (
				B6167C952CC94A8300451BAB /* Sources */,
				B6167C962CC94A8300451BAB /* Frameworks */,
				B6167C972CC94A8300451BAB /* Resources */,
			);
			buildRules = (
			);
			dependencies = (
			);
			fileSystemSynchronizedGroups = (
				B6167C9E2CC94A8300451BAB /* BGWidgetExtention */,
			);
			name = BGWidgetExtentionExtension;
			packageProductDependencies = (
			);
			productName = BGWidgetExtentionExtension;
			productReference = B6167C992CC94A8300451BAB /* BGWidgetExtentionExtension.appex */;
			productType = "com.apple.product-type.app-extension";
		};
		B664D46A2CC1007B0092FE3E /* BauchGlueckiOS */ = {
			isa = PBXNativeTarget;
			buildConfigurationList = B664D47B2CC1007D0092FE3E /* Build configuration list for PBXNativeTarget "BauchGlueckiOS" */;
			buildPhases = (
				B664D4672CC1007B0092FE3E /* Sources */,
				B664D4682CC1007B0092FE3E /* Frameworks */,
				B664D4692CC1007B0092FE3E /* Resources */,
				B64864522CC2845C007D7228 /* Embed Watch Content */,
				B6ADCEAE2CC682ED001AFC57 /* Embed Frameworks */,
				B6167CAF2CC94A8500451BAB /* Embed Foundation Extensions */,
			);
			buildRules = (
			);
			dependencies = (
				B6167CA92CC94A8500451BAB /* PBXTargetDependency */,
			);
			fileSystemSynchronizedGroups = (
				B664D46D2CC1007B0092FE3E /* BauchGlueckiOS */,
			);
			name = BauchGlueckiOS;
			packageProductDependencies = (
				B64864212CC24071007D7228 /* FirebaseAnalytics */,
				B64864232CC24071007D7228 /* FirebaseAuth */,
				B64864252CC24071007D7228 /* FirebaseCore */,
				B64864272CC24071007D7228 /* FirebaseDatabase */,
				B64864292CC24071007D7228 /* FirebaseFirestore */,
				B648642B2CC24071007D7228 /* FirebaseStorage */,
				B64864362CC24568007D7228 /* GoogleSignIn */,
				B64864382CC24568007D7228 /* GoogleSignInSwift */,
				B6ADCE8E2CC3259D001AFC57 /* FirebaseMessaging */,
				B6ADCE972CC33108001AFC57 /* GoogleMobileAds */,
				B6ADCEA92CC67F86001AFC57 /* Alamofire */,
				B6BA77E22CD411F200E58BFD /* FirebaseCrashlytics */,
			);
			productName = BauchGlueckiOS;
			productReference = B664D46B2CC1007B0092FE3E /* BauchGlueckiOS.app */;
			productType = "com.apple.product-type.application";
		};
/* End PBXNativeTarget section */

/* Begin PBXProject section */
		B664D4632CC1007B0092FE3E /* Project object */ = {
			isa = PBXProject;
			attributes = {
				BuildIndependentTargetsInParallel = 1;
				LastSwiftUpdateCheck = 1600;
				LastUpgradeCheck = 1610;
				TargetAttributes = {
					B6167C982CC94A8300451BAB = {
						CreatedOnToolsVersion = 16.0;
					};
					B664D46A2CC1007B0092FE3E = {
						CreatedOnToolsVersion = 16.0;
					};
				};
			};
			buildConfigurationList = B664D4662CC1007B0092FE3E /* Build configuration list for PBXProject "BauchGlueckiOS" */;
			developmentRegion = en;
			hasScannedForEncodings = 0;
			knownRegions = (
				en,
				Base,
				de,
			);
			mainGroup = B664D4622CC1007B0092FE3E;
			minimizedProjectReferenceProxies = 1;
			packageReferences = (
				B64864202CC24070007D7228 /* XCRemoteSwiftPackageReference "firebase-ios-sdk" */,
				B64864352CC24568007D7228 /* XCRemoteSwiftPackageReference "GoogleSignIn-iOS" */,
				B6ADCE962CC33108001AFC57 /* XCRemoteSwiftPackageReference "swift-package-manager-google-mobile-ads" */,
				B6ADCEA82CC67F86001AFC57 /* XCRemoteSwiftPackageReference "Alamofire" */,
			);
			preferredProjectObjectVersion = 77;
			productRefGroup = B664D46C2CC1007B0092FE3E /* Products */;
			projectDirPath = "";
			projectRoot = "";
			targets = (
				B664D46A2CC1007B0092FE3E /* BauchGlueckiOS */,
				B6167C982CC94A8300451BAB /* BGWidgetExtentionExtension */,
			);
		};
/* End PBXProject section */

/* Begin PBXResourcesBuildPhase section */
		B6167C972CC94A8300451BAB /* Resources */ = {
			isa = PBXResourcesBuildPhase;
			buildActionMask = 2147483647;
			files = (
			);
			runOnlyForDeploymentPostprocessing = 0;
		};
		B664D4692CC1007B0092FE3E /* Resources */ = {
			isa = PBXResourcesBuildPhase;
			buildActionMask = 2147483647;
			files = (
				B64864A32CC28B88007D7228 /* .gitignore in Resources */,
			);
			runOnlyForDeploymentPostprocessing = 0;
		};
/* End PBXResourcesBuildPhase section */

/* Begin PBXSourcesBuildPhase section */
		B6167C952CC94A8300451BAB /* Sources */ = {
			isa = PBXSourcesBuildPhase;
			buildActionMask = 2147483647;
			files = (
			);
			runOnlyForDeploymentPostprocessing = 0;
		};
		B664D4672CC1007B0092FE3E /* Sources */ = {
			isa = PBXSourcesBuildPhase;
			buildActionMask = 2147483647;
			files = (
			);
			runOnlyForDeploymentPostprocessing = 0;
		};
/* End PBXSourcesBuildPhase section */

/* Begin PBXTargetDependency section */
		B6167CA92CC94A8500451BAB /* PBXTargetDependency */ = {
			isa = PBXTargetDependency;
			target = B6167C982CC94A8300451BAB /* BGWidgetExtentionExtension */;
			targetProxy = B6167CA82CC94A8500451BAB /* PBXContainerItemProxy */;
		};
/* End PBXTargetDependency section */

/* Begin XCBuildConfiguration section */
		B6167CAC2CC94A8500451BAB /* Debug */ = {
			isa = XCBuildConfiguration;
			buildSettings = {
				ASSETCATALOG_COMPILER_GLOBAL_ACCENT_COLOR_NAME = AccentColor;
				ASSETCATALOG_COMPILER_WIDGET_BACKGROUND_COLOR_NAME = WidgetBackground;
				CODE_SIGN_ENTITLEMENTS = BGWidgetExtentionExtension.entitlements;
				CODE_SIGN_STYLE = Automatic;
				CURRENT_PROJECT_VERSION = 1;
				DEVELOPMENT_TEAM = ZD275Y62U7;
				GENERATE_INFOPLIST_FILE = YES;
				INFOPLIST_FILE = BGWidgetExtention/Info.plist;
				INFOPLIST_KEY_CFBundleDisplayName = BGWidgetExtention;
				INFOPLIST_KEY_NSHumanReadableCopyright = "";
				LD_RUNPATH_SEARCH_PATHS = (
					"$(inherited)",
					"@executable_path/Frameworks",
					"@executable_path/../../Frameworks",
				);
				MARKETING_VERSION = 1.0;
				PRODUCT_BUNDLE_IDENTIFIER = de.frederikkohler.BauchGlueckiOS.BGWidgetExtention;
				PRODUCT_NAME = "$(TARGET_NAME)";
				SKIP_INSTALL = YES;
				SWIFT_EMIT_LOC_STRINGS = YES;
				SWIFT_VERSION = 5.0;
				TARGETED_DEVICE_FAMILY = "1,2";
			};
			name = Debug;
		};
		B6167CAD2CC94A8500451BAB /* Release */ = {
			isa = XCBuildConfiguration;
			buildSettings = {
				ASSETCATALOG_COMPILER_GLOBAL_ACCENT_COLOR_NAME = AccentColor;
				ASSETCATALOG_COMPILER_WIDGET_BACKGROUND_COLOR_NAME = WidgetBackground;
				CODE_SIGN_ENTITLEMENTS = BGWidgetExtentionExtension.entitlements;
				CODE_SIGN_STYLE = Automatic;
				CURRENT_PROJECT_VERSION = 1;
				DEVELOPMENT_TEAM = ZD275Y62U7;
				GENERATE_INFOPLIST_FILE = YES;
				INFOPLIST_FILE = BGWidgetExtention/Info.plist;
				INFOPLIST_KEY_CFBundleDisplayName = BGWidgetExtention;
				INFOPLIST_KEY_NSHumanReadableCopyright = "";
				LD_RUNPATH_SEARCH_PATHS = (
					"$(inherited)",
					"@executable_path/Frameworks",
					"@executable_path/../../Frameworks",
				);
				MARKETING_VERSION = 1.0;
				PRODUCT_BUNDLE_IDENTIFIER = de.frederikkohler.BauchGlueckiOS.BGWidgetExtention;
				PRODUCT_NAME = "$(TARGET_NAME)";
				SKIP_INSTALL = YES;
				SWIFT_EMIT_LOC_STRINGS = YES;
				SWIFT_VERSION = 5.0;
				TARGETED_DEVICE_FAMILY = "1,2";
			};
			name = Release;
		};
		B664D4792CC1007D0092FE3E /* Debug */ = {
			isa = XCBuildConfiguration;
			buildSettings = {
				ALWAYS_SEARCH_USER_PATHS = NO;
				ASSETCATALOG_COMPILER_GENERATE_SWIFT_ASSET_SYMBOL_EXTENSIONS = YES;
				CLANG_ANALYZER_LOCALIZABILITY_NONLOCALIZED = YES;
				CLANG_ANALYZER_NONNULL = YES;
				CLANG_ANALYZER_NUMBER_OBJECT_CONVERSION = YES_AGGRESSIVE;
				CLANG_CXX_LANGUAGE_STANDARD = "gnu++20";
				CLANG_ENABLE_MODULES = YES;
				CLANG_ENABLE_OBJC_ARC = YES;
				CLANG_ENABLE_OBJC_WEAK = YES;
				CLANG_WARN_BLOCK_CAPTURE_AUTORELEASING = YES;
				CLANG_WARN_BOOL_CONVERSION = YES;
				CLANG_WARN_COMMA = YES;
				CLANG_WARN_CONSTANT_CONVERSION = YES;
				CLANG_WARN_DEPRECATED_OBJC_IMPLEMENTATIONS = YES;
				CLANG_WARN_DIRECT_OBJC_ISA_USAGE = YES_ERROR;
				CLANG_WARN_DOCUMENTATION_COMMENTS = YES;
				CLANG_WARN_EMPTY_BODY = YES;
				CLANG_WARN_ENUM_CONVERSION = YES;
				CLANG_WARN_INFINITE_RECURSION = YES;
				CLANG_WARN_INT_CONVERSION = YES;
				CLANG_WARN_NON_LITERAL_NULL_CONVERSION = YES;
				CLANG_WARN_OBJC_IMPLICIT_RETAIN_SELF = YES;
				CLANG_WARN_OBJC_LITERAL_CONVERSION = YES;
				CLANG_WARN_OBJC_ROOT_CLASS = YES_ERROR;
				CLANG_WARN_QUOTED_INCLUDE_IN_FRAMEWORK_HEADER = YES;
				CLANG_WARN_RANGE_LOOP_ANALYSIS = YES;
				CLANG_WARN_STRICT_PROTOTYPES = YES;
				CLANG_WARN_SUSPICIOUS_MOVE = YES;
				CLANG_WARN_UNGUARDED_AVAILABILITY = YES_AGGRESSIVE;
				CLANG_WARN_UNREACHABLE_CODE = YES;
				CLANG_WARN__DUPLICATE_METHOD_MATCH = YES;
				COPY_PHASE_STRIP = NO;
				DEBUG_INFORMATION_FORMAT = dwarf;
				ENABLE_STRICT_OBJC_MSGSEND = YES;
				ENABLE_TESTABILITY = YES;
				ENABLE_USER_SCRIPT_SANDBOXING = YES;
				GCC_C_LANGUAGE_STANDARD = gnu17;
				GCC_DYNAMIC_NO_PIC = NO;
				GCC_NO_COMMON_BLOCKS = YES;
				GCC_OPTIMIZATION_LEVEL = 0;
				GCC_PREPROCESSOR_DEFINITIONS = (
					"DEBUG=1",
					"$(inherited)",
				);
				GCC_WARN_64_TO_32_BIT_CONVERSION = YES;
				GCC_WARN_ABOUT_RETURN_TYPE = YES_ERROR;
				GCC_WARN_UNDECLARED_SELECTOR = YES;
				GCC_WARN_UNINITIALIZED_AUTOS = YES_AGGRESSIVE;
				GCC_WARN_UNUSED_FUNCTION = YES;
				GCC_WARN_UNUSED_VARIABLE = YES;
				IPHONEOS_DEPLOYMENT_TARGET = 18.0;
				LOCALIZATION_PREFERS_STRING_CATALOGS = YES;
				MTL_ENABLE_DEBUG_INFO = INCLUDE_SOURCE;
				MTL_FAST_MATH = YES;
				ONLY_ACTIVE_ARCH = YES;
				SDKROOT = iphoneos;
				SWIFT_ACTIVE_COMPILATION_CONDITIONS = "DEBUG $(inherited)";
				SWIFT_OPTIMIZATION_LEVEL = "-Onone";
			};
			name = Debug;
		};
		B664D47A2CC1007D0092FE3E /* Release */ = {
			isa = XCBuildConfiguration;
			buildSettings = {
				ALWAYS_SEARCH_USER_PATHS = NO;
				ASSETCATALOG_COMPILER_GENERATE_SWIFT_ASSET_SYMBOL_EXTENSIONS = YES;
				CLANG_ANALYZER_LOCALIZABILITY_NONLOCALIZED = YES;
				CLANG_ANALYZER_NONNULL = YES;
				CLANG_ANALYZER_NUMBER_OBJECT_CONVERSION = YES_AGGRESSIVE;
				CLANG_CXX_LANGUAGE_STANDARD = "gnu++20";
				CLANG_ENABLE_MODULES = YES;
				CLANG_ENABLE_OBJC_ARC = YES;
				CLANG_ENABLE_OBJC_WEAK = YES;
				CLANG_WARN_BLOCK_CAPTURE_AUTORELEASING = YES;
				CLANG_WARN_BOOL_CONVERSION = YES;
				CLANG_WARN_COMMA = YES;
				CLANG_WARN_CONSTANT_CONVERSION = YES;
				CLANG_WARN_DEPRECATED_OBJC_IMPLEMENTATIONS = YES;
				CLANG_WARN_DIRECT_OBJC_ISA_USAGE = YES_ERROR;
				CLANG_WARN_DOCUMENTATION_COMMENTS = YES;
				CLANG_WARN_EMPTY_BODY = YES;
				CLANG_WARN_ENUM_CONVERSION = YES;
				CLANG_WARN_INFINITE_RECURSION = YES;
				CLANG_WARN_INT_CONVERSION = YES;
				CLANG_WARN_NON_LITERAL_NULL_CONVERSION = YES;
				CLANG_WARN_OBJC_IMPLICIT_RETAIN_SELF = YES;
				CLANG_WARN_OBJC_LITERAL_CONVERSION = YES;
				CLANG_WARN_OBJC_ROOT_CLASS = YES_ERROR;
				CLANG_WARN_QUOTED_INCLUDE_IN_FRAMEWORK_HEADER = YES;
				CLANG_WARN_RANGE_LOOP_ANALYSIS = YES;
				CLANG_WARN_STRICT_PROTOTYPES = YES;
				CLANG_WARN_SUSPICIOUS_MOVE = YES;
				CLANG_WARN_UNGUARDED_AVAILABILITY = YES_AGGRESSIVE;
				CLANG_WARN_UNREACHABLE_CODE = YES;
				CLANG_WARN__DUPLICATE_METHOD_MATCH = YES;
				COPY_PHASE_STRIP = NO;
				DEBUG_INFORMATION_FORMAT = "dwarf-with-dsym";
				ENABLE_NS_ASSERTIONS = NO;
				ENABLE_STRICT_OBJC_MSGSEND = YES;
				ENABLE_USER_SCRIPT_SANDBOXING = YES;
				GCC_C_LANGUAGE_STANDARD = gnu17;
				GCC_NO_COMMON_BLOCKS = YES;
				GCC_WARN_64_TO_32_BIT_CONVERSION = YES;
				GCC_WARN_ABOUT_RETURN_TYPE = YES_ERROR;
				GCC_WARN_UNDECLARED_SELECTOR = YES;
				GCC_WARN_UNINITIALIZED_AUTOS = YES_AGGRESSIVE;
				GCC_WARN_UNUSED_FUNCTION = YES;
				GCC_WARN_UNUSED_VARIABLE = YES;
				IPHONEOS_DEPLOYMENT_TARGET = 18.0;
				LOCALIZATION_PREFERS_STRING_CATALOGS = YES;
				MTL_ENABLE_DEBUG_INFO = NO;
				MTL_FAST_MATH = YES;
				SDKROOT = iphoneos;
				SWIFT_COMPILATION_MODE = wholemodule;
				VALIDATE_PRODUCT = YES;
			};
			name = Release;
		};
		B664D47C2CC1007D0092FE3E /* Debug */ = {
			isa = XCBuildConfiguration;
			buildSettings = {
				ASSETCATALOG_COMPILER_APPICON_NAME = AppIcon;
				ASSETCATALOG_COMPILER_GLOBAL_ACCENT_COLOR_NAME = AccentColor;
				CODE_SIGN_ENTITLEMENTS = BauchGlueckiOS/BauchGlueckiOS.entitlements;
				CODE_SIGN_STYLE = Automatic;
				CURRENT_PROJECT_VERSION = 1;
				DEBUG_INFORMATION_FORMAT = "dwarf-with-dsym";
				DEVELOPMENT_ASSET_PATHS = "";
				DEVELOPMENT_TEAM = ZD275Y62U7;
				ENABLE_PREVIEWS = YES;
				GENERATE_INFOPLIST_FILE = YES;
				INFOPLIST_FILE = BauchGlueckiOS/Info.plist;
				INFOPLIST_KEY_CFBundleDisplayName = "BauchGlück";
				INFOPLIST_KEY_NSSupportsLiveActivities = YES;
				INFOPLIST_KEY_NSUserTrackingUsageDescription = "Diese App verwendet Ihre Daten, um personalisierte Werbung bereitzustellen und die Benutzererfahrung zu verbessern.";
				INFOPLIST_KEY_UIApplicationSceneManifest_Generation = YES;
				INFOPLIST_KEY_UIApplicationSupportsIndirectInputEvents = YES;
				INFOPLIST_KEY_UILaunchScreen_Generation = YES;
				INFOPLIST_KEY_UISupportedInterfaceOrientations_iPad = "UIInterfaceOrientationPortrait UIInterfaceOrientationPortraitUpsideDown UIInterfaceOrientationLandscapeLeft UIInterfaceOrientationLandscapeRight";
				INFOPLIST_KEY_UISupportedInterfaceOrientations_iPhone = "UIInterfaceOrientationPortrait UIInterfaceOrientationLandscapeLeft UIInterfaceOrientationLandscapeRight";
				LD_RUNPATH_SEARCH_PATHS = (
					"$(inherited)",
					"@executable_path/Frameworks",
				);
				MARKETING_VERSION = 1.0;
				PRODUCT_BUNDLE_IDENTIFIER = de.frederikkohler.BauchGlueckiOS;
				PRODUCT_NAME = "$(TARGET_NAME)";
				SWIFT_EMIT_LOC_STRINGS = YES;
				SWIFT_VERSION = 5.0;
				TARGETED_DEVICE_FAMILY = "1,2";
			};
			name = Debug;
		};
		B664D47D2CC1007D0092FE3E /* Release */ = {
			isa = XCBuildConfiguration;
			buildSettings = {
				ASSETCATALOG_COMPILER_APPICON_NAME = AppIcon;
				ASSETCATALOG_COMPILER_GLOBAL_ACCENT_COLOR_NAME = AccentColor;
				CODE_SIGN_ENTITLEMENTS = BauchGlueckiOS/BauchGlueckiOS.entitlements;
				CODE_SIGN_STYLE = Automatic;
				CURRENT_PROJECT_VERSION = 1;
				DEVELOPMENT_ASSET_PATHS = "";
				DEVELOPMENT_TEAM = ZD275Y62U7;
				ENABLE_PREVIEWS = YES;
				GENERATE_INFOPLIST_FILE = YES;
				INFOPLIST_FILE = BauchGlueckiOS/Info.plist;
				INFOPLIST_KEY_CFBundleDisplayName = "BauchGlück";
				INFOPLIST_KEY_NSSupportsLiveActivities = YES;
				INFOPLIST_KEY_NSUserTrackingUsageDescription = "Diese App verwendet Ihre Daten, um personalisierte Werbung bereitzustellen und die Benutzererfahrung zu verbessern.";
				INFOPLIST_KEY_UIApplicationSceneManifest_Generation = YES;
				INFOPLIST_KEY_UIApplicationSupportsIndirectInputEvents = YES;
				INFOPLIST_KEY_UILaunchScreen_Generation = YES;
				INFOPLIST_KEY_UISupportedInterfaceOrientations_iPad = "UIInterfaceOrientationPortrait UIInterfaceOrientationPortraitUpsideDown UIInterfaceOrientationLandscapeLeft UIInterfaceOrientationLandscapeRight";
				INFOPLIST_KEY_UISupportedInterfaceOrientations_iPhone = "UIInterfaceOrientationPortrait UIInterfaceOrientationLandscapeLeft UIInterfaceOrientationLandscapeRight";
				LD_RUNPATH_SEARCH_PATHS = (
					"$(inherited)",
					"@executable_path/Frameworks",
				);
				MARKETING_VERSION = 1.0;
				PRODUCT_BUNDLE_IDENTIFIER = de.frederikkohler.BauchGlueckiOS;
				PRODUCT_NAME = "$(TARGET_NAME)";
				SWIFT_EMIT_LOC_STRINGS = YES;
				SWIFT_VERSION = 5.0;
				TARGETED_DEVICE_FAMILY = "1,2";
			};
			name = Release;
		};
/* End XCBuildConfiguration section */

/* Begin XCConfigurationList section */
		B6167CAB2CC94A8500451BAB /* Build configuration list for PBXNativeTarget "BGWidgetExtentionExtension" */ = {
			isa = XCConfigurationList;
			buildConfigurations = (
				B6167CAC2CC94A8500451BAB /* Debug */,
				B6167CAD2CC94A8500451BAB /* Release */,
			);
			defaultConfigurationIsVisible = 0;
			defaultConfigurationName = Release;
		};
		B664D4662CC1007B0092FE3E /* Build configuration list for PBXProject "BauchGlueckiOS" */ = {
			isa = XCConfigurationList;
			buildConfigurations = (
				B664D4792CC1007D0092FE3E /* Debug */,
				B664D47A2CC1007D0092FE3E /* Release */,
			);
			defaultConfigurationIsVisible = 0;
			defaultConfigurationName = Release;
		};
		B664D47B2CC1007D0092FE3E /* Build configuration list for PBXNativeTarget "BauchGlueckiOS" */ = {
			isa = XCConfigurationList;
			buildConfigurations = (
				B664D47C2CC1007D0092FE3E /* Debug */,
				B664D47D2CC1007D0092FE3E /* Release */,
			);
			defaultConfigurationIsVisible = 0;
			defaultConfigurationName = Release;
		};
/* End XCConfigurationList section */

/* Begin XCRemoteSwiftPackageReference section */
		B64864202CC24070007D7228 /* XCRemoteSwiftPackageReference "firebase-ios-sdk" */ = {
			isa = XCRemoteSwiftPackageReference;
			repositoryURL = "https://github.com/firebase/firebase-ios-sdk";
			requirement = {
				kind = upToNextMajorVersion;
				minimumVersion = 11.3.0;
			};
		};
		B64864352CC24568007D7228 /* XCRemoteSwiftPackageReference "GoogleSignIn-iOS" */ = {
			isa = XCRemoteSwiftPackageReference;
			repositoryURL = "https://github.com/google/GoogleSignIn-iOS";
			requirement = {
				kind = upToNextMajorVersion;
				minimumVersion = 8.0.0;
			};
		};
		B6ADCE962CC33108001AFC57 /* XCRemoteSwiftPackageReference "swift-package-manager-google-mobile-ads" */ = {
			isa = XCRemoteSwiftPackageReference;
			repositoryURL = "https://github.com/googleads/swift-package-manager-google-mobile-ads.git";
			requirement = {
				kind = upToNextMajorVersion;
				minimumVersion = 11.10.0;
			};
		};
		B6ADCEA82CC67F86001AFC57 /* XCRemoteSwiftPackageReference "Alamofire" */ = {
			isa = XCRemoteSwiftPackageReference;
			repositoryURL = "https://github.com/Alamofire/Alamofire.git";
			requirement = {
				kind = upToNextMajorVersion;
				minimumVersion = 5.10.1;
			};
		};
/* End XCRemoteSwiftPackageReference section */

/* Begin XCSwiftPackageProductDependency section */
		B64864212CC24071007D7228 /* FirebaseAnalytics */ = {
			isa = XCSwiftPackageProductDependency;
			package = B64864202CC24070007D7228 /* XCRemoteSwiftPackageReference "firebase-ios-sdk" */;
			productName = FirebaseAnalytics;
		};
		B64864232CC24071007D7228 /* FirebaseAuth */ = {
			isa = XCSwiftPackageProductDependency;
			package = B64864202CC24070007D7228 /* XCRemoteSwiftPackageReference "firebase-ios-sdk" */;
			productName = FirebaseAuth;
		};
		B64864252CC24071007D7228 /* FirebaseCore */ = {
			isa = XCSwiftPackageProductDependency;
			package = B64864202CC24070007D7228 /* XCRemoteSwiftPackageReference "firebase-ios-sdk" */;
			productName = FirebaseCore;
		};
		B64864272CC24071007D7228 /* FirebaseDatabase */ = {
			isa = XCSwiftPackageProductDependency;
			package = B64864202CC24070007D7228 /* XCRemoteSwiftPackageReference "firebase-ios-sdk" */;
			productName = FirebaseDatabase;
		};
		B64864292CC24071007D7228 /* FirebaseFirestore */ = {
			isa = XCSwiftPackageProductDependency;
			package = B64864202CC24070007D7228 /* XCRemoteSwiftPackageReference "firebase-ios-sdk" */;
			productName = FirebaseFirestore;
		};
		B648642B2CC24071007D7228 /* FirebaseStorage */ = {
			isa = XCSwiftPackageProductDependency;
			package = B64864202CC24070007D7228 /* XCRemoteSwiftPackageReference "firebase-ios-sdk" */;
			productName = FirebaseStorage;
		};
		B64864362CC24568007D7228 /* GoogleSignIn */ = {
			isa = XCSwiftPackageProductDependency;
			package = B64864352CC24568007D7228 /* XCRemoteSwiftPackageReference "GoogleSignIn-iOS" */;
			productName = GoogleSignIn;
		};
		B64864382CC24568007D7228 /* GoogleSignInSwift */ = {
			isa = XCSwiftPackageProductDependency;
			package = B64864352CC24568007D7228 /* XCRemoteSwiftPackageReference "GoogleSignIn-iOS" */;
			productName = GoogleSignInSwift;
		};
		B6ADCE8E2CC3259D001AFC57 /* FirebaseMessaging */ = {
			isa = XCSwiftPackageProductDependency;
			package = B64864202CC24070007D7228 /* XCRemoteSwiftPackageReference "firebase-ios-sdk" */;
			productName = FirebaseMessaging;
		};
		B6ADCE972CC33108001AFC57 /* GoogleMobileAds */ = {
			isa = XCSwiftPackageProductDependency;
			package = B6ADCE962CC33108001AFC57 /* XCRemoteSwiftPackageReference "swift-package-manager-google-mobile-ads" */;
			productName = GoogleMobileAds;
		};
		B6ADCEA92CC67F86001AFC57 /* Alamofire */ = {
			isa = XCSwiftPackageProductDependency;
			package = B6ADCEA82CC67F86001AFC57 /* XCRemoteSwiftPackageReference "Alamofire" */;
			productName = Alamofire;
		};
		B6BA77E22CD411F200E58BFD /* FirebaseCrashlytics */ = {
			isa = XCSwiftPackageProductDependency;
			package = B64864202CC24070007D7228 /* XCRemoteSwiftPackageReference "firebase-ios-sdk" */;
			productName = FirebaseCrashlytics;
		};
/* End XCSwiftPackageProductDependency section */
	};
	rootObject = B664D4632CC1007B0092FE3E /* Project object */;
}
